
Microsoft Visual Studio Solution File, Format Version 12.00
# Visual Studio 15
VisualStudioVersion = 15.0.27004.2005
MinimumVisualStudioVersion = 10.0.40219.1
Project("{FAE04EC0-301F-11D3-BF4B-00C04F79EFBC}") = "Image2Bitmap", "Image2Bitmap\Image2Bitmap.csproj", "{9F9C6B42-B7CB-4175-9DED-7EB94D3B617F}"
EndProject
Global
	GlobalSection(Performance) = preSolution
		HasPerformanceSessions = true
	EndGlobalSection
	GlobalSection(SolutionConfigurationPlatforms) = preSolution
		Debug|Any CPU = Debug|Any CPU
		Release|Any CPU = Release|Any CPU
	EndGlobalSection
	GlobalSection(ProjectConfigurationPlatforms) = postSolution
		{9F9C6B42-B7CB-4175-9DED-7EB94D3B617F}.Debug|Any CPU.ActiveCfg = Debug|Any CPU
		{9F9C6B42-B7CB-4175-9DED-7EB94D3B617F}.Debug|Any CPU.Build.0 = Debug|Any CPU
		{9F9C6B42-B7CB-4175-9DED-7EB94D3B617F}.Release|Any CPU.ActiveCfg = Release|Any CPU
		{9F9C6B42-B7CB-4175-9DED-7EB94D3B617F}.Release|Any CPU.Build.0 = Release|Any CPU
	EndGlobalSection
	GlobalSection(SolutionProperties) = preSolution
		HideSolutionNode = FALSE
	EndGlobalSection
	GlobalSection(ExtensibilityGlobals) = postSolution
		SolutionGuid = {53C5C6D9-832D-48C2-BAE8-5E9C98A1E438}
	EndGlobalSection
EndGlobal
